
Microsoft Visual Studio Solution File, Format Version 12.00
# Visual Studio Version 16
VisualStudioVersion = 16.0.31019.35
MinimumVisualStudioVersion = 10.0.40219.1
Project("{FAE04EC0-301F-11D3-BF4B-00C04F79EFBC}") = "ErrorHandling.Server", "Server\ErrorHandling.Server.csproj", "{7ED44521-5EA7-4206-A275-D241EB331D94}"
EndProject
Project("{FAE04EC0-301F-11D3-BF4B-00C04F79EFBC}") = "ErrorHandling.Client", "Client\ErrorHandling.Client.csproj", "{A4ADCAF6-4F17-41C7-9142-3C7F95473529}"
EndProject
Project("{FAE04EC0-301F-11D3-BF4B-00C04F79EFBC}") = "ErrorHandling.Shared", "Shared\ErrorHandling.Shared.csproj", "{B0D63DC9-31B3-457F-AB2F-94787C23643F}"
EndProject
Global
	GlobalSection(SolutionConfigurationPlatforms) = preSolution
		Debug|Any CPU = Debug|Any CPU
		Release|Any CPU = Release|Any CPU
	EndGlobalSection
	GlobalSection(ProjectConfigurationPlatforms) = postSolution
		{7ED44521-5EA7-4206-A275-D241EB331D94}.Debug|Any CPU.ActiveCfg = Debug|Any CPU
		{7ED44521-5EA7-4206-A275-D241EB331D94}.Debug|Any CPU.Build.0 = Debug|Any CPU
		{7ED44521-5EA7-4206-A275-D241EB331D94}.Release|Any CPU.ActiveCfg = Release|Any CPU
		{7ED44521-5EA7-4206-A275-D241EB331D94}.Release|Any CPU.Build.0 = Release|Any CPU
		{A4ADCAF6-4F17-41C7-9142-3C7F95473529}.Debug|Any CPU.ActiveCfg = Debug|Any CPU
		{A4ADCAF6-4F17-41C7-9142-3C7F95473529}.Debug|Any CPU.Build.0 = Debug|Any CPU
		{A4ADCAF6-4F17-41C7-9142-3C7F95473529}.Release|Any CPU.ActiveCfg = Release|Any CPU
		{A4ADCAF6-4F17-41C7-9142-3C7F95473529}.Release|Any CPU.Build.0 = Release|Any CPU
		{B0D63DC9-31B3-457F-AB2F-94787C23643F}.Debug|Any CPU.ActiveCfg = Debug|Any CPU
		{B0D63DC9-31B3-457F-AB2F-94787C23643F}.Debug|Any CPU.Build.0 = Debug|Any CPU
		{B0D63DC9-31B3-457F-AB2F-94787C23643F}.Release|Any CPU.ActiveCfg = Release|Any CPU
		{B0D63DC9-31B3-457F-AB2F-94787C23643F}.Release|Any CPU.Build.0 = Release|Any CPU
	EndGlobalSection
	GlobalSection(SolutionProperties) = preSolution
		HideSolutionNode = FALSE
	EndGlobalSection
	GlobalSection(ExtensibilityGlobals) = postSolution
		SolutionGuid = {8EC64E75-18EA-44EE-9E91-9B6DD03AD3F3}
	EndGlobalSection
EndGlobal
